
Microsoft Visual Studio Solution File, Format Version 12.00
Project("{FAE04EC0-301F-11D3-BF4B-00C04F79EFBC}") = "prac_task1.1", "prac_task1.1\prac_task1.1.csproj", "{BA13ED2A-7FE6-46BF-ACC2-967C8498F9B3}"
EndProject
Project("{FAE04EC0-301F-11D3-BF4B-00C04F79EFBC}") = "prac_task2.1", "prac_task2.1\prac_task2.1.csproj", "{C0B1442F-62A2-4C58-920D-F9489F487406}"
EndProject
Global
	GlobalSection(SolutionConfigurationPlatforms) = preSolution
		Debug|Any CPU = Debug|Any CPU
		Release|Any CPU = Release|Any CPU
	EndGlobalSection
	GlobalSection(ProjectConfigurationPlatforms) = postSolution
		{BA13ED2A-7FE6-46BF-ACC2-967C8498F9B3}.Debug|Any CPU.ActiveCfg = Debug|Any CPU
		{BA13ED2A-7FE6-46BF-ACC2-967C8498F9B3}.Debug|Any CPU.Build.0 = Debug|Any CPU
		{BA13ED2A-7FE6-46BF-ACC2-967C8498F9B3}.Release|Any CPU.ActiveCfg = Release|Any CPU
		{BA13ED2A-7FE6-46BF-ACC2-967C8498F9B3}.Release|Any CPU.Build.0 = Release|Any CPU
		{C0B1442F-62A2-4C58-920D-F9489F487406}.Debug|Any CPU.ActiveCfg = Debug|Any CPU
		{C0B1442F-62A2-4C58-920D-F9489F487406}.Debug|Any CPU.Build.0 = Debug|Any CPU
		{C0B1442F-62A2-4C58-920D-F9489F487406}.Release|Any CPU.ActiveCfg = Release|Any CPU
		{C0B1442F-62A2-4C58-920D-F9489F487406}.Release|Any CPU.Build.0 = Release|Any CPU
	EndGlobalSection
EndGlobal
