
Microsoft Visual Studio Solution File, Format Version 12.00
Project("{FAE04EC0-301F-11D3-BF4B-00C04F79EFBC}") = "Lecture_1.1", "Lecture_1.1\Lecture_1.1.csproj", "{A787725A-DA42-4EF4-81B7-C009FFAB8274}"
EndProject
Project("{2150E333-8FDC-42A3-9474-1A3956D46DE8}") = "Lectures", "Lectures", "{556CB1C9-4CCD-42EB-B813-1BBDAB5A33D0}"
EndProject
Project("{FAE04EC0-301F-11D3-BF4B-00C04F79EFBC}") = "Lecture_1.2", "Lecture_1.2\Lecture_1.2.csproj", "{C7845FD8-D818-4BEC-8B87-6CF7B9FEB36C}"
EndProject
Project("{FAE04EC0-301F-11D3-BF4B-00C04F79EFBC}") = "Lecture_1.3", "Lecture_1.3\Lecture_1.3.csproj", "{5E258C14-6696-4553-B0CD-5E4C3FEA55AE}"
EndProject
Project("{FAE04EC0-301F-11D3-BF4B-00C04F79EFBC}") = "Lecture_1.4", "Lecture_1.4\Lecture_1.4.csproj", "{45691702-13EA-409A-B294-8DBF3AFDED74}"
EndProject
Project("{2150E333-8FDC-42A3-9474-1A3956D46DE8}") = "Practice_1", "Practice_1", "{8D14B379-6BD6-4D32-8B72-0A3D565D61CF}"
EndProject
Project("{FAE04EC0-301F-11D3-BF4B-00C04F79EFBC}") = "Practice_1.1", "Practice_1.1\Practice_1.1.csproj", "{034F0B5D-6171-4D39-BC89-E0E5C15051FF}"
EndProject
Project("{FAE04EC0-301F-11D3-BF4B-00C04F79EFBC}") = "Practice_1.2", "Practice_1.2\Practice_1.2.csproj", "{53CD3217-0DB7-4417-BB8B-D00BAFDCD10B}"
EndProject
Project("{2150E333-8FDC-42A3-9474-1A3956D46DE8}") = "Practice_2", "Practice_2", "{3EDCE76F-6D24-4778-B126-A70C89C92469}"
EndProject
Project("{FAE04EC0-301F-11D3-BF4B-00C04F79EFBC}") = "Practice_2", "Practice_2\Practice_2.csproj", "{85308469-9F88-4F20-812D-2E1318CCB08F}"
EndProject
Global
	GlobalSection(SolutionConfigurationPlatforms) = preSolution
		Debug|Any CPU = Debug|Any CPU
		Release|Any CPU = Release|Any CPU
	EndGlobalSection
	GlobalSection(ProjectConfigurationPlatforms) = postSolution
		{A787725A-DA42-4EF4-81B7-C009FFAB8274}.Debug|Any CPU.ActiveCfg = Debug|Any CPU
		{A787725A-DA42-4EF4-81B7-C009FFAB8274}.Debug|Any CPU.Build.0 = Debug|Any CPU
		{A787725A-DA42-4EF4-81B7-C009FFAB8274}.Release|Any CPU.ActiveCfg = Release|Any CPU
		{A787725A-DA42-4EF4-81B7-C009FFAB8274}.Release|Any CPU.Build.0 = Release|Any CPU
		{C7845FD8-D818-4BEC-8B87-6CF7B9FEB36C}.Debug|Any CPU.ActiveCfg = Debug|Any CPU
		{C7845FD8-D818-4BEC-8B87-6CF7B9FEB36C}.Debug|Any CPU.Build.0 = Debug|Any CPU
		{C7845FD8-D818-4BEC-8B87-6CF7B9FEB36C}.Release|Any CPU.ActiveCfg = Release|Any CPU
		{C7845FD8-D818-4BEC-8B87-6CF7B9FEB36C}.Release|Any CPU.Build.0 = Release|Any CPU
		{5E258C14-6696-4553-B0CD-5E4C3FEA55AE}.Debug|Any CPU.ActiveCfg = Debug|Any CPU
		{5E258C14-6696-4553-B0CD-5E4C3FEA55AE}.Debug|Any CPU.Build.0 = Debug|Any CPU
		{5E258C14-6696-4553-B0CD-5E4C3FEA55AE}.Release|Any CPU.ActiveCfg = Release|Any CPU
		{5E258C14-6696-4553-B0CD-5E4C3FEA55AE}.Release|Any CPU.Build.0 = Release|Any CPU
		{45691702-13EA-409A-B294-8DBF3AFDED74}.Debug|Any CPU.ActiveCfg = Debug|Any CPU
		{45691702-13EA-409A-B294-8DBF3AFDED74}.Debug|Any CPU.Build.0 = Debug|Any CPU
		{45691702-13EA-409A-B294-8DBF3AFDED74}.Release|Any CPU.ActiveCfg = Release|Any CPU
		{45691702-13EA-409A-B294-8DBF3AFDED74}.Release|Any CPU.Build.0 = Release|Any CPU
		{034F0B5D-6171-4D39-BC89-E0E5C15051FF}.Debug|Any CPU.ActiveCfg = Debug|Any CPU
		{034F0B5D-6171-4D39-BC89-E0E5C15051FF}.Debug|Any CPU.Build.0 = Debug|Any CPU
		{034F0B5D-6171-4D39-BC89-E0E5C15051FF}.Release|Any CPU.ActiveCfg = Release|Any CPU
		{034F0B5D-6171-4D39-BC89-E0E5C15051FF}.Release|Any CPU.Build.0 = Release|Any CPU
		{53CD3217-0DB7-4417-BB8B-D00BAFDCD10B}.Debug|Any CPU.ActiveCfg = Debug|Any CPU
		{53CD3217-0DB7-4417-BB8B-D00BAFDCD10B}.Debug|Any CPU.Build.0 = Debug|Any CPU
		{53CD3217-0DB7-4417-BB8B-D00BAFDCD10B}.Release|Any CPU.ActiveCfg = Release|Any CPU
		{53CD3217-0DB7-4417-BB8B-D00BAFDCD10B}.Release|Any CPU.Build.0 = Release|Any CPU
		{85308469-9F88-4F20-812D-2E1318CCB08F}.Debug|Any CPU.ActiveCfg = Debug|Any CPU
		{85308469-9F88-4F20-812D-2E1318CCB08F}.Debug|Any CPU.Build.0 = Debug|Any CPU
		{85308469-9F88-4F20-812D-2E1318CCB08F}.Release|Any CPU.ActiveCfg = Release|Any CPU
		{85308469-9F88-4F20-812D-2E1318CCB08F}.Release|Any CPU.Build.0 = Release|Any CPU
	EndGlobalSection
	GlobalSection(NestedProjects) = preSolution
		{A787725A-DA42-4EF4-81B7-C009FFAB8274} = {556CB1C9-4CCD-42EB-B813-1BBDAB5A33D0}
		{C7845FD8-D818-4BEC-8B87-6CF7B9FEB36C} = {556CB1C9-4CCD-42EB-B813-1BBDAB5A33D0}
		{5E258C14-6696-4553-B0CD-5E4C3FEA55AE} = {556CB1C9-4CCD-42EB-B813-1BBDAB5A33D0}
		{45691702-13EA-409A-B294-8DBF3AFDED74} = {556CB1C9-4CCD-42EB-B813-1BBDAB5A33D0}
		{034F0B5D-6171-4D39-BC89-E0E5C15051FF} = {8D14B379-6BD6-4D32-8B72-0A3D565D61CF}
		{53CD3217-0DB7-4417-BB8B-D00BAFDCD10B} = {8D14B379-6BD6-4D32-8B72-0A3D565D61CF}
		{85308469-9F88-4F20-812D-2E1318CCB08F} = {3EDCE76F-6D24-4778-B126-A70C89C92469}
	EndGlobalSection
EndGlobal
