
Microsoft Visual Studio Solution File, Format Version 12.00
Project("{FAE04EC0-301F-11D3-BF4B-00C04F79EFBC}") = "prac1.1", "prac1.1\prac1.1.csproj", "{8D82EFC1-463A-4AE8-8CD3-510CA8FCCBEC}"
EndProject
Project("{FAE04EC0-301F-11D3-BF4B-00C04F79EFBC}") = "prac2", "prac2\prac2.csproj", "{B43C4D88-26CD-49E8-BFD6-E425297A4114}"
EndProject
Global
	GlobalSection(SolutionConfigurationPlatforms) = preSolution
		Debug|Any CPU = Debug|Any CPU
		Release|Any CPU = Release|Any CPU
	EndGlobalSection
	GlobalSection(ProjectConfigurationPlatforms) = postSolution
		{8D82EFC1-463A-4AE8-8CD3-510CA8FCCBEC}.Debug|Any CPU.ActiveCfg = Debug|Any CPU
		{8D82EFC1-463A-4AE8-8CD3-510CA8FCCBEC}.Debug|Any CPU.Build.0 = Debug|Any CPU
		{8D82EFC1-463A-4AE8-8CD3-510CA8FCCBEC}.Release|Any CPU.ActiveCfg = Release|Any CPU
		{8D82EFC1-463A-4AE8-8CD3-510CA8FCCBEC}.Release|Any CPU.Build.0 = Release|Any CPU
		{B43C4D88-26CD-49E8-BFD6-E425297A4114}.Debug|Any CPU.ActiveCfg = Debug|Any CPU
		{B43C4D88-26CD-49E8-BFD6-E425297A4114}.Debug|Any CPU.Build.0 = Debug|Any CPU
		{B43C4D88-26CD-49E8-BFD6-E425297A4114}.Release|Any CPU.ActiveCfg = Release|Any CPU
		{B43C4D88-26CD-49E8-BFD6-E425297A4114}.Release|Any CPU.Build.0 = Release|Any CPU
	EndGlobalSection
EndGlobal
