
Microsoft Visual Studio Solution File, Format Version 12.00
Project("{FAE04EC0-301F-11D3-BF4B-00C04F79EFBC}") = "Lecture_List", "Lecture_List\Lecture_List.csproj", "{1E8A120F-7156-41D1-887C-CBEBCE2A5246}"
EndProject
Project("{FAE04EC0-301F-11D3-BF4B-00C04F79EFBC}") = "Lecture_LinkedList", "Lecture_LinkedList\Lecture_LinkedList.csproj", "{2296C3A7-A97C-4ACB-8A7F-EFAD9934144E}"
EndProject
Project("{2150E333-8FDC-42A3-9474-1A3956D46DE8}") = "Lectures", "Lectures", "{763B7367-78D2-4703-9C4E-EC06DF307A79}"
EndProject
Project("{FAE04EC0-301F-11D3-BF4B-00C04F79EFBC}") = "Lecture_Dictionart", "Lecture_Dictionart\Lecture_Dictionart.csproj", "{3A2445B3-B9EA-4076-98C3-6FE27AA48381}"
EndProject
Project("{FAE04EC0-301F-11D3-BF4B-00C04F79EFBC}") = "UserCollection", "UserCollection\UserCollection.csproj", "{82670F45-AA28-415A-AAAC-2585E345674F}"
EndProject
Project("{FAE04EC0-301F-11D3-BF4B-00C04F79EFBC}") = "UserCollection2", "UserCollection2\UserCollection2.csproj", "{3A4C29B2-4E59-45A5-B89D-B13C54A1598E}"
EndProject
Project("{2150E333-8FDC-42A3-9474-1A3956D46DE8}") = "Practice", "Practice", "{CEA7012F-36F5-4007-B2A0-560D660D214B}"
EndProject
Project("{FAE04EC0-301F-11D3-BF4B-00C04F79EFBC}") = "prac1", "prac1\prac1.csproj", "{DBE5E61E-F43F-4BE3-B41A-F324DE71C474}"
EndProject
Global
	GlobalSection(SolutionConfigurationPlatforms) = preSolution
		Debug|Any CPU = Debug|Any CPU
		Release|Any CPU = Release|Any CPU
	EndGlobalSection
	GlobalSection(ProjectConfigurationPlatforms) = postSolution
		{1E8A120F-7156-41D1-887C-CBEBCE2A5246}.Debug|Any CPU.ActiveCfg = Debug|Any CPU
		{1E8A120F-7156-41D1-887C-CBEBCE2A5246}.Debug|Any CPU.Build.0 = Debug|Any CPU
		{1E8A120F-7156-41D1-887C-CBEBCE2A5246}.Release|Any CPU.ActiveCfg = Release|Any CPU
		{1E8A120F-7156-41D1-887C-CBEBCE2A5246}.Release|Any CPU.Build.0 = Release|Any CPU
		{2296C3A7-A97C-4ACB-8A7F-EFAD9934144E}.Debug|Any CPU.ActiveCfg = Debug|Any CPU
		{2296C3A7-A97C-4ACB-8A7F-EFAD9934144E}.Debug|Any CPU.Build.0 = Debug|Any CPU
		{2296C3A7-A97C-4ACB-8A7F-EFAD9934144E}.Release|Any CPU.ActiveCfg = Release|Any CPU
		{2296C3A7-A97C-4ACB-8A7F-EFAD9934144E}.Release|Any CPU.Build.0 = Release|Any CPU
		{3A2445B3-B9EA-4076-98C3-6FE27AA48381}.Debug|Any CPU.ActiveCfg = Debug|Any CPU
		{3A2445B3-B9EA-4076-98C3-6FE27AA48381}.Debug|Any CPU.Build.0 = Debug|Any CPU
		{3A2445B3-B9EA-4076-98C3-6FE27AA48381}.Release|Any CPU.ActiveCfg = Release|Any CPU
		{3A2445B3-B9EA-4076-98C3-6FE27AA48381}.Release|Any CPU.Build.0 = Release|Any CPU
		{82670F45-AA28-415A-AAAC-2585E345674F}.Debug|Any CPU.ActiveCfg = Debug|Any CPU
		{82670F45-AA28-415A-AAAC-2585E345674F}.Debug|Any CPU.Build.0 = Debug|Any CPU
		{82670F45-AA28-415A-AAAC-2585E345674F}.Release|Any CPU.ActiveCfg = Release|Any CPU
		{82670F45-AA28-415A-AAAC-2585E345674F}.Release|Any CPU.Build.0 = Release|Any CPU
		{3A4C29B2-4E59-45A5-B89D-B13C54A1598E}.Debug|Any CPU.ActiveCfg = Debug|Any CPU
		{3A4C29B2-4E59-45A5-B89D-B13C54A1598E}.Debug|Any CPU.Build.0 = Debug|Any CPU
		{3A4C29B2-4E59-45A5-B89D-B13C54A1598E}.Release|Any CPU.ActiveCfg = Release|Any CPU
		{3A4C29B2-4E59-45A5-B89D-B13C54A1598E}.Release|Any CPU.Build.0 = Release|Any CPU
		{DBE5E61E-F43F-4BE3-B41A-F324DE71C474}.Debug|Any CPU.ActiveCfg = Debug|Any CPU
		{DBE5E61E-F43F-4BE3-B41A-F324DE71C474}.Debug|Any CPU.Build.0 = Debug|Any CPU
		{DBE5E61E-F43F-4BE3-B41A-F324DE71C474}.Release|Any CPU.ActiveCfg = Release|Any CPU
		{DBE5E61E-F43F-4BE3-B41A-F324DE71C474}.Release|Any CPU.Build.0 = Release|Any CPU
	EndGlobalSection
	GlobalSection(NestedProjects) = preSolution
		{2296C3A7-A97C-4ACB-8A7F-EFAD9934144E} = {763B7367-78D2-4703-9C4E-EC06DF307A79}
		{1E8A120F-7156-41D1-887C-CBEBCE2A5246} = {763B7367-78D2-4703-9C4E-EC06DF307A79}
		{3A2445B3-B9EA-4076-98C3-6FE27AA48381} = {763B7367-78D2-4703-9C4E-EC06DF307A79}
		{82670F45-AA28-415A-AAAC-2585E345674F} = {763B7367-78D2-4703-9C4E-EC06DF307A79}
		{3A4C29B2-4E59-45A5-B89D-B13C54A1598E} = {763B7367-78D2-4703-9C4E-EC06DF307A79}
		{DBE5E61E-F43F-4BE3-B41A-F324DE71C474} = {CEA7012F-36F5-4007-B2A0-560D660D214B}
	EndGlobalSection
EndGlobal
